<?xml version="1.0" encoding="utf-8"?>
<Project ToolsVersion="4.0" xmlns="http://schemas.microsoft.com/developer/msbuild/2003">
  <ItemGroup>
    <ClCompile Include="main.cpp" />
    <ClCompile Include="LTimer.cpp">
      <Filter>common</Filter>
    </ClCompile>
  </ItemGroup>
  <ItemGroup>
    <Filter Include="common">
      <UniqueIdentifier>{41c1dd82-75c6-4a74-8ea4-75b647c3fd46}</UniqueIdentifier>
    </Filter>
  </ItemGroup>
  <ItemGroup>
    <ClInclude Include="TestPlayerGameObject.h">
      <Filter>common</Filter>
    </ClInclude>
    <ClInclude Include="Util.h">
      <Filter>common</Filter>
    </ClInclude>
    <ClInclude Include="LTimer.h">
      <Filter>common</Filter>
    </ClInclude>
  </ItemGroup>
</Project>